
Microsoft Visual Studio Solution File, Format Version 12.00
# Visual Studio Version 17
VisualStudioVersion = 17.5.002.0
MinimumVisualStudioVersion = 10.0.40219.1
Project("{9A19103F-16F7-4668-BE54-9A1E7A4F7556}") = "leet", "leet.csproj", "{BB649048-6C09-45BD-B853-62CE147174DC}"
EndProject
Global
	GlobalSection(SolutionConfigurationPlatforms) = preSolution
		Debug|Any CPU = Debug|Any CPU
		Release|Any CPU = Release|Any CPU
	EndGlobalSection
	GlobalSection(ProjectConfigurationPlatforms) = postSolution
		{BB649048-6C09-45BD-B853-62CE147174DC}.Debug|Any CPU.ActiveCfg = Debug|Any CPU
		{BB649048-6C09-45BD-B853-62CE147174DC}.Debug|Any CPU.Build.0 = Debug|Any CPU
		{BB649048-6C09-45BD-B853-62CE147174DC}.Release|Any CPU.ActiveCfg = Release|Any CPU
		{BB649048-6C09-45BD-B853-62CE147174DC}.Release|Any CPU.Build.0 = Release|Any CPU
	EndGlobalSection
	GlobalSection(SolutionProperties) = preSolution
		HideSolutionNode = FALSE
	EndGlobalSection
	GlobalSection(ExtensibilityGlobals) = postSolution
		SolutionGuid = {E3188478-B0E1-4EA0-A3E1-92C0C490BDAB}
	EndGlobalSection
EndGlobal
